
Microsoft Visual Studio Solution File, Format Version 12.00
# Visual Studio Version 17
VisualStudioVersion = 17.8.34316.72
MinimumVisualStudioVersion = 10.0.40219.1
Project("{FAE04EC0-301F-11D3-BF4B-00C04F79EFBC}") = "ControleStructuren-7---Lotto", "ControleStructuren-7---Lotto\ControleStructuren-7---Lotto.csproj", "{D19DC100-0242-44F5-AE89-166B6E649E7C}"
EndProject
Global
	GlobalSection(SolutionConfigurationPlatforms) = preSolution
		Debug|Any CPU = Debug|Any CPU
		Release|Any CPU = Release|Any CPU
	EndGlobalSection
	GlobalSection(ProjectConfigurationPlatforms) = postSolution
		{D19DC100-0242-44F5-AE89-166B6E649E7C}.Debug|Any CPU.ActiveCfg = Debug|Any CPU
		{D19DC100-0242-44F5-AE89-166B6E649E7C}.Debug|Any CPU.Build.0 = Debug|Any CPU
		{D19DC100-0242-44F5-AE89-166B6E649E7C}.Release|Any CPU.ActiveCfg = Release|Any CPU
		{D19DC100-0242-44F5-AE89-166B6E649E7C}.Release|Any CPU.Build.0 = Release|Any CPU
	EndGlobalSection
	GlobalSection(SolutionProperties) = preSolution
		HideSolutionNode = FALSE
	EndGlobalSection
	GlobalSection(ExtensibilityGlobals) = postSolution
		SolutionGuid = {82C59F8A-E7E6-4B99-9208-8DD324014EF7}
	EndGlobalSection
EndGlobal
